
Microsoft Visual Studio Solution File, Format Version 12.00
# Visual Studio Version 16
VisualStudioVersion = 16.0.30517.126
MinimumVisualStudioVersion = 10.0.40219.1
Project("{FAE04EC0-301F-11D3-BF4B-00C04F79EFBC}") = "DoAnPaint", "DoAnPaint\DoAnPaint.csproj", "{D56D14D0-F3B4-4796-AFC5-C55F088A52A7}"
EndProject
Project("{FAE04EC0-301F-11D3-BF4B-00C04F79EFBC}") = "SEVERRR", "SEVERRR\SEVERRR.csproj", "{873ABC33-017E-4CB3-AC83-33E6A98D23C0}"
EndProject
Global
	GlobalSection(SolutionConfigurationPlatforms) = preSolution
		Debug|Any CPU = Debug|Any CPU
		Release|Any CPU = Release|Any CPU
	EndGlobalSection
	GlobalSection(ProjectConfigurationPlatforms) = postSolution
		{D56D14D0-F3B4-4796-AFC5-C55F088A52A7}.Debug|Any CPU.ActiveCfg = Debug|Any CPU
		{D56D14D0-F3B4-4796-AFC5-C55F088A52A7}.Debug|Any CPU.Build.0 = Debug|Any CPU
		{D56D14D0-F3B4-4796-AFC5-C55F088A52A7}.Release|Any CPU.ActiveCfg = Release|Any CPU
		{D56D14D0-F3B4-4796-AFC5-C55F088A52A7}.Release|Any CPU.Build.0 = Release|Any CPU
		{873ABC33-017E-4CB3-AC83-33E6A98D23C0}.Debug|Any CPU.ActiveCfg = Debug|Any CPU
		{873ABC33-017E-4CB3-AC83-33E6A98D23C0}.Debug|Any CPU.Build.0 = Debug|Any CPU
		{873ABC33-017E-4CB3-AC83-33E6A98D23C0}.Release|Any CPU.ActiveCfg = Release|Any CPU
		{873ABC33-017E-4CB3-AC83-33E6A98D23C0}.Release|Any CPU.Build.0 = Release|Any CPU
	EndGlobalSection
	GlobalSection(SolutionProperties) = preSolution
		HideSolutionNode = FALSE
	EndGlobalSection
	GlobalSection(ExtensibilityGlobals) = postSolution
		SolutionGuid = {63DE2941-BEEE-4A2D-B596-77B571E15E02}
	EndGlobalSection
EndGlobal
